
Microsoft Visual Studio Solution File, Format Version 12.00
# Visual Studio Version 17
VisualStudioVersion = 17.14.37411.7 d17.14
MinimumVisualStudioVersion = 10.0.40219.1
Project("{FAE04EC0-301F-11D3-BF4B-00C04F79EFBC}") = "LeaveManagement.API", "LeaveManagement.API\LeaveManagement.API.csproj", "{05939B64-D029-4D7E-B2D4-25B5460ED319}"
EndProject
Global
	GlobalSection(SolutionConfigurationPlatforms) = preSolution
		Debug|Any CPU = Debug|Any CPU
		Release|Any CPU = Release|Any CPU
	EndGlobalSection
	GlobalSection(ProjectConfigurationPlatforms) = postSolution
		{05939B64-D029-4D7E-B2D4-25B5460ED319}.Debug|Any CPU.ActiveCfg = Debug|Any CPU
		{05939B64-D029-4D7E-B2D4-25B5460ED319}.Debug|Any CPU.Build.0 = Debug|Any CPU
		{05939B64-D029-4D7E-B2D4-25B5460ED319}.Release|Any CPU.ActiveCfg = Release|Any CPU
		{05939B64-D029-4D7E-B2D4-25B5460ED319}.Release|Any CPU.Build.0 = Release|Any CPU
	EndGlobalSection
	GlobalSection(SolutionProperties) = preSolution
		HideSolutionNode = FALSE
	EndGlobalSection
	GlobalSection(ExtensibilityGlobals) = postSolution
		SolutionGuid = {3B426EEA-1324-4752-9074-68E7F28B4E36}
	EndGlobalSection
EndGlobal
